
Microsoft Visual Studio Solution File, Format Version 12.00
# Visual Studio Version 17
VisualStudioVersion = 17.9.34616.47
MinimumVisualStudioVersion = 10.0.40219.1
Project("{FAE04EC0-301F-11D3-BF4B-00C04F79EFBC}") = "group1", "group1.csproj", "{4A64E529-DD50-4DB7-9ED8-680ECC34A0B6}"
EndProject
Global
	GlobalSection(SolutionConfigurationPlatforms) = preSolution
		Debug|Any CPU = Debug|Any CPU
		Release|Any CPU = Release|Any CPU
	EndGlobalSection
	GlobalSection(ProjectConfigurationPlatforms) = postSolution
		{4A64E529-DD50-4DB7-9ED8-680ECC34A0B6}.Debug|Any CPU.ActiveCfg = Debug|Any CPU
		{4A64E529-DD50-4DB7-9ED8-680ECC34A0B6}.Debug|Any CPU.Build.0 = Debug|Any CPU
		{4A64E529-DD50-4DB7-9ED8-680ECC34A0B6}.Release|Any CPU.ActiveCfg = Release|Any CPU
		{4A64E529-DD50-4DB7-9ED8-680ECC34A0B6}.Release|Any CPU.Build.0 = Release|Any CPU
	EndGlobalSection
	GlobalSection(SolutionProperties) = preSolution
		HideSolutionNode = FALSE
	EndGlobalSection
	GlobalSection(ExtensibilityGlobals) = postSolution
		SolutionGuid = {EE5C60C3-3C88-4612-B484-2C6D28D47F0F}
	EndGlobalSection
EndGlobal
